
Microsoft Visual Studio Solution File, Format Version 12.00
# Visual Studio Version 16
VisualStudioVersion = 16.0.30011.22
MinimumVisualStudioVersion = 10.0.40219.1
Project("{2150E333-8FDC-42A3-9474-1A3956D46DE8}") = "Web", "Web", "{E389DEB6-5F90-444B-A054-12A10D39C76F}"
EndProject
Project("{9A19103F-16F7-4668-BE54-9A1E7A4F7556}") = "CarMarket.Web", "Web\CarMarket.Web\CarMarket.Web.csproj", "{B90D1067-FE4C-400E-BA78-5413E30AB9ED}"
EndProject
Project("{2150E333-8FDC-42A3-9474-1A3956D46DE8}") = "Data", "Data", "{ACBE44C4-E198-45E2-BA02-6655250A0006}"
EndProject
Project("{9A19103F-16F7-4668-BE54-9A1E7A4F7556}") = "CarMarket.Data.Models", "Data\CarMarket.Data.Models\CarMarket.Data.Models.csproj", "{E9FDB52F-52DC-48B2-86E1-0176377BB53F}"
EndProject
Project("{2150E333-8FDC-42A3-9474-1A3956D46DE8}") = "Services", "Services", "{516E002B-9E6E-4456-B7F6-EAA353966DE6}"
EndProject
Project("{9A19103F-16F7-4668-BE54-9A1E7A4F7556}") = "CarMarket.Data", "Data\CarMarket.Data\CarMarket.Data.csproj", "{4B844ECB-E845-49A6-8B31-85E577933598}"
EndProject
Project("{9A19103F-16F7-4668-BE54-9A1E7A4F7556}") = "CarMarket.Common", "CarMarket.Common\CarMarket.Common.csproj", "{A2288C46-0FBF-43B6-80B6-3072FD65BC32}"
EndProject
Project("{9A19103F-16F7-4668-BE54-9A1E7A4F7556}") = "CarMarket.Services.Data", "Services\CarMarket.Services.Data\CarMarket.Services.Data.csproj", "{4D39C126-3FB5-4B26-B08C-1BF48EFFA23E}"
EndProject
Project("{9A19103F-16F7-4668-BE54-9A1E7A4F7556}") = "CarMarket.Web.ViewModels", "Web\CarMarket.Web.ViewModels\CarMarket.Web.ViewModels.csproj", "{13B7AACB-9C85-4409-8D4B-95A67D0DFFF7}"
EndProject
Project("{9A19103F-16F7-4668-BE54-9A1E7A4F7556}") = "CarMarket.Data.Common", "Data\CarMarket.Data.Common\CarMarket.Data.Common.csproj", "{099051A3-C7D4-4CEA-8A45-31EE9CB4C80E}"
EndProject
Project("{9A19103F-16F7-4668-BE54-9A1E7A4F7556}") = "CarMarket.Services", "Services\CarMarket.Services\CarMarket.Services.csproj", "{77A69F10-9525-4731-B4E2-A5B71CC42D2C}"
EndProject
Global
	GlobalSection(SolutionConfigurationPlatforms) = preSolution
		Debug|Any CPU = Debug|Any CPU
		Release|Any CPU = Release|Any CPU
	EndGlobalSection
	GlobalSection(ProjectConfigurationPlatforms) = postSolution
		{B90D1067-FE4C-400E-BA78-5413E30AB9ED}.Debug|Any CPU.ActiveCfg = Debug|Any CPU
		{B90D1067-FE4C-400E-BA78-5413E30AB9ED}.Debug|Any CPU.Build.0 = Debug|Any CPU
		{B90D1067-FE4C-400E-BA78-5413E30AB9ED}.Release|Any CPU.ActiveCfg = Release|Any CPU
		{B90D1067-FE4C-400E-BA78-5413E30AB9ED}.Release|Any CPU.Build.0 = Release|Any CPU
		{E9FDB52F-52DC-48B2-86E1-0176377BB53F}.Debug|Any CPU.ActiveCfg = Debug|Any CPU
		{E9FDB52F-52DC-48B2-86E1-0176377BB53F}.Debug|Any CPU.Build.0 = Debug|Any CPU
		{E9FDB52F-52DC-48B2-86E1-0176377BB53F}.Release|Any CPU.ActiveCfg = Release|Any CPU
		{E9FDB52F-52DC-48B2-86E1-0176377BB53F}.Release|Any CPU.Build.0 = Release|Any CPU
		{4B844ECB-E845-49A6-8B31-85E577933598}.Debug|Any CPU.ActiveCfg = Debug|Any CPU
		{4B844ECB-E845-49A6-8B31-85E577933598}.Debug|Any CPU.Build.0 = Debug|Any CPU
		{4B844ECB-E845-49A6-8B31-85E577933598}.Release|Any CPU.ActiveCfg = Release|Any CPU
		{4B844ECB-E845-49A6-8B31-85E577933598}.Release|Any CPU.Build.0 = Release|Any CPU
		{A2288C46-0FBF-43B6-80B6-3072FD65BC32}.Debug|Any CPU.ActiveCfg = Debug|Any CPU
		{A2288C46-0FBF-43B6-80B6-3072FD65BC32}.Debug|Any CPU.Build.0 = Debug|Any CPU
		{A2288C46-0FBF-43B6-80B6-3072FD65BC32}.Release|Any CPU.ActiveCfg = Release|Any CPU
		{A2288C46-0FBF-43B6-80B6-3072FD65BC32}.Release|Any CPU.Build.0 = Release|Any CPU
		{4D39C126-3FB5-4B26-B08C-1BF48EFFA23E}.Debug|Any CPU.ActiveCfg = Debug|Any CPU
		{4D39C126-3FB5-4B26-B08C-1BF48EFFA23E}.Debug|Any CPU.Build.0 = Debug|Any CPU
		{4D39C126-3FB5-4B26-B08C-1BF48EFFA23E}.Release|Any CPU.ActiveCfg = Release|Any CPU
		{4D39C126-3FB5-4B26-B08C-1BF48EFFA23E}.Release|Any CPU.Build.0 = Release|Any CPU
		{13B7AACB-9C85-4409-8D4B-95A67D0DFFF7}.Debug|Any CPU.ActiveCfg = Debug|Any CPU
		{13B7AACB-9C85-4409-8D4B-95A67D0DFFF7}.Debug|Any CPU.Build.0 = Debug|Any CPU
		{13B7AACB-9C85-4409-8D4B-95A67D0DFFF7}.Release|Any CPU.ActiveCfg = Release|Any CPU
		{13B7AACB-9C85-4409-8D4B-95A67D0DFFF7}.Release|Any CPU.Build.0 = Release|Any CPU
		{099051A3-C7D4-4CEA-8A45-31EE9CB4C80E}.Debug|Any CPU.ActiveCfg = Debug|Any CPU
		{099051A3-C7D4-4CEA-8A45-31EE9CB4C80E}.Debug|Any CPU.Build.0 = Debug|Any CPU
		{099051A3-C7D4-4CEA-8A45-31EE9CB4C80E}.Release|Any CPU.ActiveCfg = Release|Any CPU
		{099051A3-C7D4-4CEA-8A45-31EE9CB4C80E}.Release|Any CPU.Build.0 = Release|Any CPU
		{77A69F10-9525-4731-B4E2-A5B71CC42D2C}.Debug|Any CPU.ActiveCfg = Debug|Any CPU
		{77A69F10-9525-4731-B4E2-A5B71CC42D2C}.Debug|Any CPU.Build.0 = Debug|Any CPU
		{77A69F10-9525-4731-B4E2-A5B71CC42D2C}.Release|Any CPU.ActiveCfg = Release|Any CPU
		{77A69F10-9525-4731-B4E2-A5B71CC42D2C}.Release|Any CPU.Build.0 = Release|Any CPU
	EndGlobalSection
	GlobalSection(SolutionProperties) = preSolution
		HideSolutionNode = FALSE
	EndGlobalSection
	GlobalSection(NestedProjects) = preSolution
		{B90D1067-FE4C-400E-BA78-5413E30AB9ED} = {E389DEB6-5F90-444B-A054-12A10D39C76F}
		{E9FDB52F-52DC-48B2-86E1-0176377BB53F} = {ACBE44C4-E198-45E2-BA02-6655250A0006}
		{4B844ECB-E845-49A6-8B31-85E577933598} = {ACBE44C4-E198-45E2-BA02-6655250A0006}
		{4D39C126-3FB5-4B26-B08C-1BF48EFFA23E} = {516E002B-9E6E-4456-B7F6-EAA353966DE6}
		{13B7AACB-9C85-4409-8D4B-95A67D0DFFF7} = {E389DEB6-5F90-444B-A054-12A10D39C76F}
		{099051A3-C7D4-4CEA-8A45-31EE9CB4C80E} = {ACBE44C4-E198-45E2-BA02-6655250A0006}
		{77A69F10-9525-4731-B4E2-A5B71CC42D2C} = {516E002B-9E6E-4456-B7F6-EAA353966DE6}
	EndGlobalSection
	GlobalSection(ExtensibilityGlobals) = postSolution
		SolutionGuid = {384484BE-4680-4529-9CC2-AD37BA4D12D1}
	EndGlobalSection
EndGlobal
